
Microsoft Visual Studio Solution File, Format Version 12.00
# Visual Studio 15
VisualStudioVersion = 15.0.28307.102
MinimumVisualStudioVersion = 10.0.40219.1
Project("{2150E333-8FDC-42A3-9474-1A3956D46DE8}") = "DataFramework", "DataFramework", "{22D5AC26-A280-4F45-881B-4063CD9CD10F}"
EndProject
Project("{2150E333-8FDC-42A3-9474-1A3956D46DE8}") = "MainApplication", "MainApplication", "{15CCD1F4-1013-4B52-8DF2-9CFB1E6B844A}"
EndProject
Project("{9A19103F-16F7-4668-BE54-9A1E7A4F7556}") = "PUCIT.AIMRL.WebAppName.MainApp", "PUCIT.AIMRL.WebAppName.MainApp\PUCIT.AIMRL.WebAppName.MainApp.csproj", "{BFF84D9B-3437-499C-825B-B5F39B2376E7}"
EndProject
Project("{9A19103F-16F7-4668-BE54-9A1E7A4F7556}") = "PUCIT.AIMRL.WebAppName.DAL", "PUCIT.AIMRL.WebAppName.DAL\PUCIT.AIMRL.WebAppName.DAL.csproj", "{8DA8BE66-CDB6-41BF-8599-3F5CAB8BA263}"
EndProject
Project("{9A19103F-16F7-4668-BE54-9A1E7A4F7556}") = "PUCIT.AIMRL.WebAppName.Entities", "PUCIT.AIMRL.WebAppName.Entities\PUCIT.AIMRL.WebAppName.Entities.csproj", "{E23FB031-0E1D-448F-BF7D-0BAA734A1F7B}"
EndProject
Project("{2150E333-8FDC-42A3-9474-1A3956D46DE8}") = "Common", "Common", "{4A452954-C5FF-455A-9720-1B2A4038B3DB}"
EndProject
Project("{FAE04EC0-301F-11D3-BF4B-00C04F79EFBC}") = "PUCIT.AIMRL.WebAppName.UI.Common", "PUCIT.AIMRL.WebAppName.UI.Common\PUCIT.AIMRL.WebAppName.UI.Common.csproj", "{6C1B0BA7-FE06-489E-8C78-31F09934FA60}"
EndProject
Project("{FAE04EC0-301F-11D3-BF4B-00C04F79EFBC}") = "PUCIT.AIMRL.Common", "PUCIT.AIMRL.Common\PUCIT.AIMRL.Common.csproj", "{714228B9-74AE-41F9-B05B-6F127B7493E5}"
EndProject
Global
	GlobalSection(SolutionConfigurationPlatforms) = preSolution
		Debug|Any CPU = Debug|Any CPU
		Release|Any CPU = Release|Any CPU
	EndGlobalSection
	GlobalSection(ProjectConfigurationPlatforms) = postSolution
		{BFF84D9B-3437-499C-825B-B5F39B2376E7}.Debug|Any CPU.ActiveCfg = Debug|Any CPU
		{BFF84D9B-3437-499C-825B-B5F39B2376E7}.Debug|Any CPU.Build.0 = Debug|Any CPU
		{BFF84D9B-3437-499C-825B-B5F39B2376E7}.Release|Any CPU.ActiveCfg = Release|Any CPU
		{BFF84D9B-3437-499C-825B-B5F39B2376E7}.Release|Any CPU.Build.0 = Release|Any CPU
		{8DA8BE66-CDB6-41BF-8599-3F5CAB8BA263}.Debug|Any CPU.ActiveCfg = Debug|Any CPU
		{8DA8BE66-CDB6-41BF-8599-3F5CAB8BA263}.Debug|Any CPU.Build.0 = Debug|Any CPU
		{8DA8BE66-CDB6-41BF-8599-3F5CAB8BA263}.Release|Any CPU.ActiveCfg = Release|Any CPU
		{8DA8BE66-CDB6-41BF-8599-3F5CAB8BA263}.Release|Any CPU.Build.0 = Release|Any CPU
		{E23FB031-0E1D-448F-BF7D-0BAA734A1F7B}.Debug|Any CPU.ActiveCfg = Debug|Any CPU
		{E23FB031-0E1D-448F-BF7D-0BAA734A1F7B}.Debug|Any CPU.Build.0 = Debug|Any CPU
		{E23FB031-0E1D-448F-BF7D-0BAA734A1F7B}.Release|Any CPU.ActiveCfg = Release|Any CPU
		{E23FB031-0E1D-448F-BF7D-0BAA734A1F7B}.Release|Any CPU.Build.0 = Release|Any CPU
		{6C1B0BA7-FE06-489E-8C78-31F09934FA60}.Debug|Any CPU.ActiveCfg = Debug|Any CPU
		{6C1B0BA7-FE06-489E-8C78-31F09934FA60}.Debug|Any CPU.Build.0 = Debug|Any CPU
		{6C1B0BA7-FE06-489E-8C78-31F09934FA60}.Release|Any CPU.ActiveCfg = Release|Any CPU
		{6C1B0BA7-FE06-489E-8C78-31F09934FA60}.Release|Any CPU.Build.0 = Release|Any CPU
		{714228B9-74AE-41F9-B05B-6F127B7493E5}.Debug|Any CPU.ActiveCfg = Debug|Any CPU
		{714228B9-74AE-41F9-B05B-6F127B7493E5}.Debug|Any CPU.Build.0 = Debug|Any CPU
		{714228B9-74AE-41F9-B05B-6F127B7493E5}.Release|Any CPU.ActiveCfg = Release|Any CPU
		{714228B9-74AE-41F9-B05B-6F127B7493E5}.Release|Any CPU.Build.0 = Release|Any CPU
	EndGlobalSection
	GlobalSection(SolutionProperties) = preSolution
		HideSolutionNode = FALSE
	EndGlobalSection
	GlobalSection(NestedProjects) = preSolution
		{BFF84D9B-3437-499C-825B-B5F39B2376E7} = {15CCD1F4-1013-4B52-8DF2-9CFB1E6B844A}
		{8DA8BE66-CDB6-41BF-8599-3F5CAB8BA263} = {22D5AC26-A280-4F45-881B-4063CD9CD10F}
		{E23FB031-0E1D-448F-BF7D-0BAA734A1F7B} = {22D5AC26-A280-4F45-881B-4063CD9CD10F}
		{6C1B0BA7-FE06-489E-8C78-31F09934FA60} = {4A452954-C5FF-455A-9720-1B2A4038B3DB}
		{714228B9-74AE-41F9-B05B-6F127B7493E5} = {4A452954-C5FF-455A-9720-1B2A4038B3DB}
	EndGlobalSection
	GlobalSection(ExtensibilityGlobals) = postSolution
		SolutionGuid = {FAC4D4BB-0564-419D-99B7-1C024F37BAFC}
	EndGlobalSection
EndGlobal
